// !$*UTF8*$!
{
	archiveVersion = 1;
	classes = {
	};
	objectVersion = 56;
	objects = {

/* Begin PBXBuildFile section */
		B812C9EB2BB69A4D00777B81 /* HomeVIew.swift in Sources */ = {isa = PBXBuildFile; fileRef = B812C9EA2BB69A4D00777B81 /* HomeVIew.swift */; };
		B8B90AF72BA957D500D527FE /* taskmanagementApp.swift in Sources */ = {isa = PBXBuildFile; fileRef = B8B90AF62BA957D500D527FE /* taskmanagementApp.swift */; };
		B8B90AF92BA957D500D527FE /* ContentView.swift in Sources */ = {isa = PBXBuildFile; fileRef = B8B90AF82BA957D500D527FE /* ContentView.swift */; };
		B8B90AFB2BA957D700D527FE /* Assets.xcassets in Resources */ = {isa = PBXBuildFile; fileRef = B8B90AFA2BA957D700D527FE /* Assets.xcassets */; };
		B8B90AFE2BA957D700D527FE /* Preview Assets.xcassets in Resources */ = {isa = PBXBuildFile; fileRef = B8B90AFD2BA957D700D527FE /* Preview Assets.xcassets */; };
		B8B90B052BA9C59600D527FE /* CalendarViewRepresentable.swift in Sources */ = {isa = PBXBuildFile; fileRef = B8B90B042BA9C59600D527FE /* CalendarViewRepresentable.swift */; };
		B8D472932BAC50DA00DA30B9 /* Model.swift in Sources */ = {isa = PBXBuildFile; fileRef = B8D472922BAC50DA00DA30B9 /* Model.swift */; };
		B8D472952BAC512500DA30B9 /* Extensions.swift in Sources */ = {isa = PBXBuildFile; fileRef = B8D472942BAC512500DA30B9 /* Extensions.swift */; };
		B8DA34832BAD55DA00BAF0BB /* ScrollableCalendarView.swift in Sources */ = {isa = PBXBuildFile; fileRef = B8DA34822BAD55DA00BAF0BB /* ScrollableCalendarView.swift */; };
/* End PBXBuildFile section */

/* Begin PBXFileReference section */
		B812C9EA2BB69A4D00777B81 /* HomeVIew.swift */ = {isa = PBXFileReference; lastKnownFileType = sourcecode.swift; path = HomeVIew.swift; sourceTree = "<group>"; };
		B8B90AF32BA957D500D527FE /* taskmanagement.app */ = {isa = PBXFileReference; explicitFileType = wrapper.application; includeInIndex = 0; path = taskmanagement.app; sourceTree = BUILT_PRODUCTS_DIR; };
		B8B90AF62BA957D500D527FE /* taskmanagementApp.swift */ = {isa = PBXFileReference; lastKnownFileType = sourcecode.swift; path = taskmanagementApp.swift; sourceTree = "<group>"; };
		B8B90AF82BA957D500D527FE /* ContentView.swift */ = {isa = PBXFileReference; lastKnownFileType = sourcecode.swift; path = ContentView.swift; sourceTree = "<group>"; };
		B8B90AFA2BA957D700D527FE /* Assets.xcassets */ = {isa = PBXFileReference; lastKnownFileType = folder.assetcatalog; path = Assets.xcassets; sourceTree = "<group>"; };
		B8B90AFD2BA957D700D527FE /* Preview Assets.xcassets */ = {isa = PBXFileReference; lastKnownFileType = folder.assetcatalog; path = "Preview Assets.xcassets"; sourceTree = "<group>"; };
		B8B90B042BA9C59600D527FE /* CalendarViewRepresentable.swift */ = {isa = PBXFileReference; lastKnownFileType = sourcecode.swift; path = CalendarViewRepresentable.swift; sourceTree = "<group>"; };
		B8D472922BAC50DA00DA30B9 /* Model.swift */ = {isa = PBXFileReference; lastKnownFileType = sourcecode.swift; path = Model.swift; sourceTree = "<group>"; };
		B8D472942BAC512500DA30B9 /* Extensions.swift */ = {isa = PBXFileReference; lastKnownFileType = sourcecode.swift; path = Extensions.swift; sourceTree = "<group>"; };
		B8DA34822BAD55DA00BAF0BB /* ScrollableCalendarView.swift */ = {isa = PBXFileReference; lastKnownFileType = sourcecode.swift; path = ScrollableCalendarView.swift; sourceTree = "<group>"; };
/* End PBXFileReference section */

/* Begin PBXFrameworksBuildPhase section */
		B8B90AF02BA957D500D527FE /* Frameworks */ = {
			isa = PBXFrameworksBuildPhase;
			buildActionMask = 2147483647;
			files = (
			);
			runOnlyForDeploymentPostprocessing = 0;
		};
/* End PBXFrameworksBuildPhase section */

/* Begin PBXGroup section */
		B8B90AEA2BA957D500D527FE = {
			isa = PBXGroup;
			children = (
				B8B90AF52BA957D500D527FE /* taskmanagement */,
				B8B90AF42BA957D500D527FE /* Products */,
			);
			sourceTree = "<group>";
		};
		B8B90AF42BA957D500D527FE /* Products */ = {
			isa = PBXGroup;
			children = (
				B8B90AF32BA957D500D527FE /* taskmanagement.app */,
			);
			name = Products;
			sourceTree = "<group>";
		};
		B8B90AF52BA957D500D527FE /* taskmanagement */ = {
			isa = PBXGroup;
			children = (
				B8B90AF62BA957D500D527FE /* taskmanagementApp.swift */,
				B8B90AF82BA957D500D527FE /* ContentView.swift */,
				B8B90AFA2BA957D700D527FE /* Assets.xcassets */,
				B8B90AFC2BA957D700D527FE /* Preview Content */,
				B8B90B042BA9C59600D527FE /* CalendarViewRepresentable.swift */,
				B8D472922BAC50DA00DA30B9 /* Model.swift */,
				B8D472942BAC512500DA30B9 /* Extensions.swift */,
				B8DA34822BAD55DA00BAF0BB /* ScrollableCalendarView.swift */,
				B812C9EA2BB69A4D00777B81 /* HomeVIew.swift */,
			);
			path = taskmanagement;
			sourceTree = "<group>";
		};
		B8B90AFC2BA957D700D527FE /* Preview Content */ = {
			isa = PBXGroup;
			children = (
				B8B90AFD2BA957D700D527FE /* Preview Assets.xcassets */,
			);
			path = "Preview Content";
			sourceTree = "<group>";
		};
/* End PBXGroup section */

/* Begin PBXNativeTarget section */
		B8B90AF22BA957D500D527FE /* taskmanagement */ = {
			isa = PBXNativeTarget;
			buildConfigurationList = B8B90B012BA957D700D527FE /* Build configuration list for PBXNativeTarget "taskmanagement" */;
			buildPhases = (
				B8B90AEF2BA957D500D527FE /* Sources */,
				B8B90AF02BA957D500D527FE /* Frameworks */,
				B8B90AF12BA957D500D527FE /* Resources */,
			);
			buildRules = (
			);
			dependencies = (
			);
			name = taskmanagement;
			packageProductDependencies = (
			);
			productName = taskmanagement;
			productReference = B8B90AF32BA957D500D527FE /* taskmanagement.app */;
			productType = "com.apple.product-type.application";
		};
/* End PBXNativeTarget section */

/* Begin PBXProject section */
		B8B90AEB2BA957D500D527FE /* Project object */ = {
			isa = PBXProject;
			attributes = {
				BuildIndependentTargetsInParallel = 1;
				LastSwiftUpdateCheck = 1520;
				LastUpgradeCheck = 1520;
				TargetAttributes = {
					B8B90AF22BA957D500D527FE = {
						CreatedOnToolsVersion = 15.2;
					};
				};
			};
			buildConfigurationList = B8B90AEE2BA957D500D527FE /* Build configuration list for PBXProject "taskmanagement" */;
			compatibilityVersion = "Xcode 14.0";
			developmentRegion = en;
			hasScannedForEncodings = 0;
			knownRegions = (
				en,
				Base,
			);
			mainGroup = B8B90AEA2BA957D500D527FE;
			packageReferences = (
			);
			productRefGroup = B8B90AF42BA957D500D527FE /* Products */;
			projectDirPath = "";
			projectRoot = "";
			targets = (
				B8B90AF22BA957D500D527FE /* taskmanagement */,
			);
		};
/* End PBXProject section */

/* Begin PBXResourcesBuildPhase section */
		B8B90AF12BA957D500D527FE /* Resources */ = {
			isa = PBXResourcesBuildPhase;
			buildActionMask = 2147483647;
			files = (
				B8B90AFE2BA957D700D527FE /* Preview Assets.xcassets in Resources */,
				B8B90AFB2BA957D700D527FE /* Assets.xcassets in Resources */,
			);
			runOnlyForDeploymentPostprocessing = 0;
		};
/* End PBXResourcesBuildPhase section */

/* Begin PBXSourcesBuildPhase section */
		B8B90AEF2BA957D500D527FE /* Sources */ = {
			isa = PBXSourcesBuildPhase;
			buildActionMask = 2147483647;
			files = (
				B812C9EB2BB69A4D00777B81 /* HomeVIew.swift in Sources */,
				B8D472952BAC512500DA30B9 /* Extensions.swift in Sources */,
				B8B90AF92BA957D500D527FE /* ContentView.swift in Sources */,
				B8B90AF72BA957D500D527FE /* taskmanagementApp.swift in Sources */,
				B8B90B052BA9C59600D527FE /* CalendarViewRepresentable.swift in Sources */,
				B8D472932BAC50DA00DA30B9 /* Model.swift in Sources */,
				B8DA34832BAD55DA00BAF0BB /* ScrollableCalendarView.swift in Sources */,
			);
			runOnlyForDeploymentPostprocessing = 0;
		};
/* End PBXSourcesBuildPhase section */

/* Begin XCBuildConfiguration section */
		B8B90AFF2BA957D700D527FE /* Debug */ = {
			isa = XCBuildConfiguration;
			buildSettings = {
				ALWAYS_SEARCH_USER_PATHS = NO;
				ASSETCATALOG_COMPILER_GENERATE_SWIFT_ASSET_SYMBOL_EXTENSIONS = YES;
				CLANG_ANALYZER_NONNULL = YES;
				CLANG_ANALYZER_NUMBER_OBJECT_CONVERSION = YES_AGGRESSIVE;
				CLANG_CXX_LANGUAGE_STANDARD = "gnu++20";
				CLANG_ENABLE_MODULES = YES;
				CLANG_ENABLE_OBJC_ARC = YES;
				CLANG_ENABLE_OBJC_WEAK = YES;
				CLANG_WARN_BLOCK_CAPTURE_AUTORELEASING = YES;
				CLANG_WARN_BOOL_CONVERSION = YES;
				CLANG_WARN_COMMA = YES;
				CLANG_WARN_CONSTANT_CONVERSION = YES;
				CLANG_WARN_DEPRECATED_OBJC_IMPLEMENTATIONS = YES;
				CLANG_WARN_DIRECT_OBJC_ISA_USAGE = YES_ERROR;
				CLANG_WARN_DOCUMENTATION_COMMENTS = YES;
				CLANG_WARN_EMPTY_BODY = YES;
				CLANG_WARN_ENUM_CONVERSION = YES;
				CLANG_WARN_INFINITE_RECURSION = YES;
				CLANG_WARN_INT_CONVERSION = YES;
				CLANG_WARN_NON_LITERAL_NULL_CONVERSION = YES;
				CLANG_WARN_OBJC_IMPLICIT_RETAIN_SELF = YES;
				CLANG_WARN_OBJC_LITERAL_CONVERSION = YES;
				CLANG_WARN_OBJC_ROOT_CLASS = YES_ERROR;
				CLANG_WARN_QUOTED_INCLUDE_IN_FRAMEWORK_HEADER = YES;
				CLANG_WARN_RANGE_LOOP_ANALYSIS = YES;
				CLANG_WARN_STRICT_PROTOTYPES = YES;
				CLANG_WARN_SUSPICIOUS_MOVE = YES;
				CLANG_WARN_UNGUARDED_AVAILABILITY = YES_AGGRESSIVE;
				CLANG_WARN_UNREACHABLE_CODE = YES;
				CLANG_WARN__DUPLICATE_METHOD_MATCH = YES;
				COPY_PHASE_STRIP = NO;
				DEBUG_INFORMATION_FORMAT = dwarf;
				ENABLE_STRICT_OBJC_MSGSEND = YES;
				ENABLE_TESTABILITY = YES;
				ENABLE_USER_SCRIPT_SANDBOXING = YES;
				GCC_C_LANGUAGE_STANDARD = gnu17;
				GCC_DYNAMIC_NO_PIC = NO;
				GCC_NO_COMMON_BLOCKS = YES;
				GCC_OPTIMIZATION_LEVEL = 0;
				GCC_PREPROCESSOR_DEFINITIONS = (
					"DEBUG=1",
					"$(inherited)",
				);
				GCC_WARN_64_TO_32_BIT_CONVERSION = YES;
				GCC_WARN_ABOUT_RETURN_TYPE = YES_ERROR;
				GCC_WARN_UNDECLARED_SELECTOR = YES;
				GCC_WARN_UNINITIALIZED_AUTOS = YES_AGGRESSIVE;
				GCC_WARN_UNUSED_FUNCTION = YES;
				GCC_WARN_UNUSED_VARIABLE = YES;
				IPHONEOS_DEPLOYMENT_TARGET = 17.2;
				LOCALIZATION_PREFERS_STRING_CATALOGS = YES;
				MTL_ENABLE_DEBUG_INFO = INCLUDE_SOURCE;
				MTL_FAST_MATH = YES;
				ONLY_ACTIVE_ARCH = YES;
				SDKROOT = iphoneos;
				SWIFT_ACTIVE_COMPILATION_CONDITIONS = "DEBUG $(inherited)";
				SWIFT_OPTIMIZATION_LEVEL = "-Onone";
			};
			name = Debug;
		};
		B8B90B002BA957D700D527FE /* Release */ = {
			isa = XCBuildConfiguration;
			buildSettings = {
				ALWAYS_SEARCH_USER_PATHS = NO;
				ASSETCATALOG_COMPILER_GENERATE_SWIFT_ASSET_SYMBOL_EXTENSIONS = YES;
				CLANG_ANALYZER_NONNULL = YES;
				CLANG_ANALYZER_NUMBER_OBJECT_CONVERSION = YES_AGGRESSIVE;
				CLANG_CXX_LANGUAGE_STANDARD = "gnu++20";
				CLANG_ENABLE_MODULES = YES;
				CLANG_ENABLE_OBJC_ARC = YES;
				CLANG_ENABLE_OBJC_WEAK = YES;
				CLANG_WARN_BLOCK_CAPTURE_AUTORELEASING = YES;
				CLANG_WARN_BOOL_CONVERSION = YES;
				CLANG_WARN_COMMA = YES;
				CLANG_WARN_CONSTANT_CONVERSION = YES;
				CLANG_WARN_DEPRECATED_OBJC_IMPLEMENTATIONS = YES;
				CLANG_WARN_DIRECT_OBJC_ISA_USAGE = YES_ERROR;
				CLANG_WARN_DOCUMENTATION_COMMENTS = YES;
				CLANG_WARN_EMPTY_BODY = YES;
				CLANG_WARN_ENUM_CONVERSION = YES;
				CLANG_WARN_INFINITE_RECURSION = YES;
				CLANG_WARN_INT_CONVERSION = YES;
				CLANG_WARN_NON_LITERAL_NULL_CONVERSION = YES;
				CLANG_WARN_OBJC_IMPLICIT_RETAIN_SELF = YES;
				CLANG_WARN_OBJC_LITERAL_CONVERSION = YES;
				CLANG_WARN_OBJC_ROOT_CLASS = YES_ERROR;
				CLANG_WARN_QUOTED_INCLUDE_IN_FRAMEWORK_HEADER = YES;
				CLANG_WARN_RANGE_LOOP_ANALYSIS = YES;
				CLANG_WARN_STRICT_PROTOTYPES = YES;
				CLANG_WARN_SUSPICIOUS_MOVE = YES;
				CLANG_WARN_UNGUARDED_AVAILABILITY = YES_AGGRESSIVE;
				CLANG_WARN_UNREACHABLE_CODE = YES;
				CLANG_WARN__DUPLICATE_METHOD_MATCH = YES;
				COPY_PHASE_STRIP = NO;
				DEBUG_INFORMATION_FORMAT = "dwarf-with-dsym";
				ENABLE_NS_ASSERTIONS = NO;
				ENABLE_STRICT_OBJC_MSGSEND = YES;
				ENABLE_USER_SCRIPT_SANDBOXING = YES;
				GCC_C_LANGUAGE_STANDARD = gnu17;
				GCC_NO_COMMON_BLOCKS = YES;
				GCC_WARN_64_TO_32_BIT_CONVERSION = YES;
				GCC_WARN_ABOUT_RETURN_TYPE = YES_ERROR;
				GCC_WARN_UNDECLARED_SELECTOR = YES;
				GCC_WARN_UNINITIALIZED_AUTOS = YES_AGGRESSIVE;
				GCC_WARN_UNUSED_FUNCTION = YES;
				GCC_WARN_UNUSED_VARIABLE = YES;
				IPHONEOS_DEPLOYMENT_TARGET = 17.2;
				LOCALIZATION_PREFERS_STRING_CATALOGS = YES;
				MTL_ENABLE_DEBUG_INFO = NO;
				MTL_FAST_MATH = YES;
				SDKROOT = iphoneos;
				SWIFT_COMPILATION_MODE = wholemodule;
				VALIDATE_PRODUCT = YES;
			};
			name = Release;
		};
		B8B90B022BA957D700D527FE /* Debug */ = {
			isa = XCBuildConfiguration;
			buildSettings = {
				ASSETCATALOG_COMPILER_APPICON_NAME = AppIcon;
				ASSETCATALOG_COMPILER_GLOBAL_ACCENT_COLOR_NAME = AccentColor;
				CODE_SIGN_STYLE = Automatic;
				CURRENT_PROJECT_VERSION = 1;
				DEVELOPMENT_ASSET_PATHS = "\"taskmanagement/Preview Content\"";
				ENABLE_PREVIEWS = YES;
				GENERATE_INFOPLIST_FILE = YES;
				INFOPLIST_KEY_UIApplicationSceneManifest_Generation = YES;
				INFOPLIST_KEY_UIApplicationSupportsIndirectInputEvents = YES;
				INFOPLIST_KEY_UILaunchScreen_Generation = YES;
				INFOPLIST_KEY_UISupportedInterfaceOrientations_iPad = "UIInterfaceOrientationPortrait UIInterfaceOrientationPortraitUpsideDown UIInterfaceOrientationLandscapeLeft UIInterfaceOrientationLandscapeRight";
				INFOPLIST_KEY_UISupportedInterfaceOrientations_iPhone = "UIInterfaceOrientationPortrait UIInterfaceOrientationLandscapeLeft UIInterfaceOrientationLandscapeRight";
				LD_RUNPATH_SEARCH_PATHS = (
					"$(inherited)",
					"@executable_path/Frameworks",
				);
				MARKETING_VERSION = 1.0;
				PRODUCT_BUNDLE_IDENTIFIER = com.mi.all.taskmanagement;
				PRODUCT_NAME = "$(TARGET_NAME)";
				SWIFT_EMIT_LOC_STRINGS = YES;
				SWIFT_VERSION = 5.0;
				TARGETED_DEVICE_FAMILY = "1,2";
			};
			name = Debug;
		};
		B8B90B032BA957D700D527FE /* Release */ = {
			isa = XCBuildConfiguration;
			buildSettings = {
				ASSETCATALOG_COMPILER_APPICON_NAME = AppIcon;
				ASSETCATALOG_COMPILER_GLOBAL_ACCENT_COLOR_NAME = AccentColor;
				CODE_SIGN_STYLE = Automatic;
				CURRENT_PROJECT_VERSION = 1;
				DEVELOPMENT_ASSET_PATHS = "\"taskmanagement/Preview Content\"";
				ENABLE_PREVIEWS = YES;
				GENERATE_INFOPLIST_FILE = YES;
				INFOPLIST_KEY_UIApplicationSceneManifest_Generation = YES;
				INFOPLIST_KEY_UIApplicationSupportsIndirectInputEvents = YES;
				INFOPLIST_KEY_UILaunchScreen_Generation = YES;
				INFOPLIST_KEY_UISupportedInterfaceOrientations_iPad = "UIInterfaceOrientationPortrait UIInterfaceOrientationPortraitUpsideDown UIInterfaceOrientationLandscapeLeft UIInterfaceOrientationLandscapeRight";
				INFOPLIST_KEY_UISupportedInterfaceOrientations_iPhone = "UIInterfaceOrientationPortrait UIInterfaceOrientationLandscapeLeft UIInterfaceOrientationLandscapeRight";
				LD_RUNPATH_SEARCH_PATHS = (
					"$(inherited)",
					"@executable_path/Frameworks",
				);
				MARKETING_VERSION = 1.0;
				PRODUCT_BUNDLE_IDENTIFIER = com.mi.all.taskmanagement;
				PRODUCT_NAME = "$(TARGET_NAME)";
				SWIFT_EMIT_LOC_STRINGS = YES;
				SWIFT_VERSION = 5.0;
				TARGETED_DEVICE_FAMILY = "1,2";
			};
			name = Release;
		};
/* End XCBuildConfiguration section */

/* Begin XCConfigurationList section */
		B8B90AEE2BA957D500D527FE /* Build configuration list for PBXProject "taskmanagement" */ = {
			isa = XCConfigurationList;
			buildConfigurations = (
				B8B90AFF2BA957D700D527FE /* Debug */,
				B8B90B002BA957D700D527FE /* Release */,
			);
			defaultConfigurationIsVisible = 0;
			defaultConfigurationName = Release;
		};
		B8B90B012BA957D700D527FE /* Build configuration list for PBXNativeTarget "taskmanagement" */ = {
			isa = XCConfigurationList;
			buildConfigurations = (
				B8B90B022BA957D700D527FE /* Debug */,
				B8B90B032BA957D700D527FE /* Release */,
			);
			defaultConfigurationIsVisible = 0;
			defaultConfigurationName = Release;
		};
/* End XCConfigurationList section */
	};
	rootObject = B8B90AEB2BA957D500D527FE /* Project object */;
}
